// !$*UTF8*$!
{
	archiveVersion = 1;
	classes = {
	};
	objectVersion = 46;
	objects = {

/* Begin PBXBuildFile section */
		7A067ABD1EB8B85A00DFBE56 /* RegisterLoginViewController.swift in Sources */ = {isa = PBXBuildFile; fileRef = 7A067ABC1EB8B85A00DFBE56 /* RegisterLoginViewController.swift */; };
		7A06AB8D1ECC7F8000C8AF40 /* EZSwiftExtensions.framework in Frameworks */ = {isa = PBXBuildFile; fileRef = 7A06AB8C1ECC7F8000C8AF40 /* EZSwiftExtensions.framework */; };
		7A166B451EB8BF430089D4A2 /* Alamofire.framework in Frameworks */ = {isa = PBXBuildFile; fileRef = 7A166B421EB8BF430089D4A2 /* Alamofire.framework */; };
		7A166B461EB8BF430089D4A2 /* Bolts.framework in Frameworks */ = {isa = PBXBuildFile; fileRef = 7A166B431EB8BF430089D4A2 /* Bolts.framework */; };
		7A166B471EB8BF430089D4A2 /* CenteredCollectionView.framework in Frameworks */ = {isa = PBXBuildFile; fileRef = 7A166B441EB8BF430089D4A2 /* CenteredCollectionView.framework */; };
		7A166B4A1EB8BF4A0089D4A2 /* FBSDKCoreKit.framework in Frameworks */ = {isa = PBXBuildFile; fileRef = 7A166B481EB8BF4A0089D4A2 /* FBSDKCoreKit.framework */; };
		7A166B4B1EB8BF4A0089D4A2 /* FBSDKLoginKit.framework in Frameworks */ = {isa = PBXBuildFile; fileRef = 7A166B491EB8BF4A0089D4A2 /* FBSDKLoginKit.framework */; };
		7A166B541EB8BF510089D4A2 /* CircleMenu.framework in Frameworks */ = {isa = PBXBuildFile; fileRef = 7A166B4C1EB8BF510089D4A2 /* CircleMenu.framework */; };
		7A166B551EB8BF510089D4A2 /* IHKeyboardAvoiding.framework in Frameworks */ = {isa = PBXBuildFile; fileRef = 7A166B4D1EB8BF510089D4A2 /* IHKeyboardAvoiding.framework */; };
		7A166B561EB8BF510089D4A2 /* JVFloatLabeledTextField.framework in Frameworks */ = {isa = PBXBuildFile; fileRef = 7A166B4E1EB8BF510089D4A2 /* JVFloatLabeledTextField.framework */; };
		7A166B571EB8BF510089D4A2 /* MediumMenu.framework in Frameworks */ = {isa = PBXBuildFile; fileRef = 7A166B4F1EB8BF510089D4A2 /* MediumMenu.framework */; };
		7A166B581EB8BF510089D4A2 /* Parse.framework in Frameworks */ = {isa = PBXBuildFile; fileRef = 7A166B501EB8BF510089D4A2 /* Parse.framework */; };
		7A166B591EB8BF510089D4A2 /* ParseFacebookUtilsV4.framework in Frameworks */ = {isa = PBXBuildFile; fileRef = 7A166B511EB8BF510089D4A2 /* ParseFacebookUtilsV4.framework */; };
		7A166B5A1EB8BF510089D4A2 /* ReachabilitySwift.framework in Frameworks */ = {isa = PBXBuildFile; fileRef = 7A166B521EB8BF510089D4A2 /* ReachabilitySwift.framework */; };
		7A166B5B1EB8BF510089D4A2 /* SwiftyJSON.framework in Frameworks */ = {isa = PBXBuildFile; fileRef = 7A166B531EB8BF510089D4A2 /* SwiftyJSON.framework */; };
		7A166B681EB8BF910089D4A2 /* AVKit.framework in Frameworks */ = {isa = PBXBuildFile; fileRef = 7A166B5C1EB8BF910089D4A2 /* AVKit.framework */; };
		7A166B691EB8BF910089D4A2 /* CFNetwork.framework in Frameworks */ = {isa = PBXBuildFile; fileRef = 7A166B5D1EB8BF910089D4A2 /* CFNetwork.framework */; };
		7A166B6A1EB8BF910089D4A2 /* CoreData.framework in Frameworks */ = {isa = PBXBuildFile; fileRef = 7A166B5E1EB8BF910089D4A2 /* CoreData.framework */; };
		7A166B6B1EB8BF910089D4A2 /* CoreFoundation.framework in Frameworks */ = {isa = PBXBuildFile; fileRef = 7A166B5F1EB8BF910089D4A2 /* CoreFoundation.framework */; };
		7A166B6C1EB8BF910089D4A2 /* CoreLocation.framework in Frameworks */ = {isa = PBXBuildFile; fileRef = 7A166B601EB8BF910089D4A2 /* CoreLocation.framework */; };
		7A166B6D1EB8BF910089D4A2 /* Foundation.framework in Frameworks */ = {isa = PBXBuildFile; fileRef = 7A166B611EB8BF910089D4A2 /* Foundation.framework */; };
		7A166B6E1EB8BF910089D4A2 /* MapKit.framework in Frameworks */ = {isa = PBXBuildFile; fileRef = 7A166B621EB8BF910089D4A2 /* MapKit.framework */; };
		7A166B6F1EB8BF910089D4A2 /* NetworkExtension.framework in Frameworks */ = {isa = PBXBuildFile; fileRef = 7A166B631EB8BF910089D4A2 /* NetworkExtension.framework */; };
		7A166B701EB8BF910089D4A2 /* Photos.framework in Frameworks */ = {isa = PBXBuildFile; fileRef = 7A166B641EB8BF910089D4A2 /* Photos.framework */; };
		7A166B711EB8BF910089D4A2 /* Security.framework in Frameworks */ = {isa = PBXBuildFile; fileRef = 7A166B651EB8BF910089D4A2 /* Security.framework */; };
		7A166B721EB8BF910089D4A2 /* Social.framework in Frameworks */ = {isa = PBXBuildFile; fileRef = 7A166B661EB8BF910089D4A2 /* Social.framework */; };
		7A166B731EB8BF910089D4A2 /* SystemConfiguration.framework in Frameworks */ = {isa = PBXBuildFile; fileRef = 7A166B671EB8BF910089D4A2 /* SystemConfiguration.framework */; };
		7A16978C1EB8FD25001CAA69 /* 1FZ_KrabiAreaBeach.jpg in Resources */ = {isa = PBXBuildFile; fileRef = 7A16978B1EB8FD25001CAA69 /* 1FZ_KrabiAreaBeach.jpg */; };
		7A1C89581ECB1CC300239EC3 /* ImagePicker.framework in Frameworks */ = {isa = PBXBuildFile; fileRef = 7A1C89571ECB1CC300239EC3 /* ImagePicker.framework */; };
		7A205CBE1EC59A5C002101A7 /* FullPostController.swift in Sources */ = {isa = PBXBuildFile; fileRef = 7A205CBD1EC59A5C002101A7 /* FullPostController.swift */; };
		7A34341A1ECB2955009512F2 /* NewPostImagesXib.xib in Resources */ = {isa = PBXBuildFile; fileRef = 7A3434191ECB2955009512F2 /* NewPostImagesXib.xib */; };
		7A9EBB291EB872E9005DEA7E /* AppDelegate.swift in Sources */ = {isa = PBXBuildFile; fileRef = 7A9EBB281EB872E9005DEA7E /* AppDelegate.swift */; };
		7A9EBB2B1EB872E9005DEA7E /* FirstViewController.swift in Sources */ = {isa = PBXBuildFile; fileRef = 7A9EBB2A1EB872E9005DEA7E /* FirstViewController.swift */; };
		7A9EBB2D1EB872E9005DEA7E /* SecondViewController.swift in Sources */ = {isa = PBXBuildFile; fileRef = 7A9EBB2C1EB872E9005DEA7E /* SecondViewController.swift */; };
		7A9EBB301EB872E9005DEA7E /* Main.storyboard in Resources */ = {isa = PBXBuildFile; fileRef = 7A9EBB2E1EB872E9005DEA7E /* Main.storyboard */; };
		7A9EBB321EB872E9005DEA7E /* Assets.xcassets in Resources */ = {isa = PBXBuildFile; fileRef = 7A9EBB311EB872E9005DEA7E /* Assets.xcassets */; };
		7A9EBB351EB872E9005DEA7E /* LaunchScreen.storyboard in Resources */ = {isa = PBXBuildFile; fileRef = 7A9EBB331EB872E9005DEA7E /* LaunchScreen.storyboard */; };
		7A9EBB401EB872E9005DEA7E /* retourTests.swift in Sources */ = {isa = PBXBuildFile; fileRef = 7A9EBB3F1EB872E9005DEA7E /* retourTests.swift */; };
		7A9EBB4B1EB872E9005DEA7E /* retourUITests.swift in Sources */ = {isa = PBXBuildFile; fileRef = 7A9EBB4A1EB872E9005DEA7E /* retourUITests.swift */; };
		7A9EBB591EB87495005DEA7E /* PrefsViewController.swift in Sources */ = {isa = PBXBuildFile; fileRef = 7A9EBB581EB87495005DEA7E /* PrefsViewController.swift */; };
		7A9EBB5B1EB87621005DEA7E /* ListViewController.swift in Sources */ = {isa = PBXBuildFile; fileRef = 7A9EBB5A1EB87621005DEA7E /* ListViewController.swift */; };
		7AA860DE1EC066C800B8B007 /* Presentr.framework in Frameworks */ = {isa = PBXBuildFile; fileRef = 7AA860DD1EC066C800B8B007 /* Presentr.framework */; };
		7AA860E01EC06E6C00B8B007 /* NewPostController.swift in Sources */ = {isa = PBXBuildFile; fileRef = 7AA860DF1EC06E6C00B8B007 /* NewPostController.swift */; };
		7AA860E21EC089E400B8B007 /* NewPostSelectPopUp.swift in Sources */ = {isa = PBXBuildFile; fileRef = 7AA860E11EC089E400B8B007 /* NewPostSelectPopUp.swift */; };
		7ABAC8CD1ECB4E9700A7317C /* NewPostImagesXib.swift in Sources */ = {isa = PBXBuildFile; fileRef = 7ABAC8CC1ECB4E9700A7317C /* NewPostImagesXib.swift */; };
		7AE054841ECC438500C9A638 /* Alert1ViewController.swift in Sources */ = {isa = PBXBuildFile; fileRef = 7AE054831ECC438500C9A638 /* Alert1ViewController.swift */; };
		DC6AF6B1A15373B0A0C4E25E /* Pods_retour.framework in Frameworks */ = {isa = PBXBuildFile; fileRef = E69BDAC271A1512151694417 /* Pods_retour.framework */; };
/* End PBXBuildFile section */

/* Begin PBXContainerItemProxy section */
		7A9EBB3C1EB872E9005DEA7E /* PBXContainerItemProxy */ = {
			isa = PBXContainerItemProxy;
			containerPortal = 7A9EBB1D1EB872E9005DEA7E /* Project object */;
			proxyType = 1;
			remoteGlobalIDString = 7A9EBB241EB872E9005DEA7E;
			remoteInfo = retour;
		};
		7A9EBB471EB872E9005DEA7E /* PBXContainerItemProxy */ = {
			isa = PBXContainerItemProxy;
			containerPortal = 7A9EBB1D1EB872E9005DEA7E /* Project object */;
			proxyType = 1;
			remoteGlobalIDString = 7A9EBB241EB872E9005DEA7E;
			remoteInfo = retour;
		};
/* End PBXContainerItemProxy section */

/* Begin PBXFileReference section */
		50C304C066274F27838FE911 /* Pods-retour.release.xcconfig */ = {isa = PBXFileReference; includeInIndex = 1; lastKnownFileType = text.xcconfig; name = "Pods-retour.release.xcconfig"; path = "Pods/Target Support Files/Pods-retour/Pods-retour.release.xcconfig"; sourceTree = "<group>"; };
		7A067ABC1EB8B85A00DFBE56 /* RegisterLoginViewController.swift */ = {isa = PBXFileReference; fileEncoding = 4; lastKnownFileType = sourcecode.swift; path = RegisterLoginViewController.swift; sourceTree = "<group>"; };
		7A06AB8C1ECC7F8000C8AF40 /* EZSwiftExtensions.framework */ = {isa = PBXFileReference; lastKnownFileType = wrapper.framework; name = EZSwiftExtensions.framework; path = "Pods/../build/Debug-iphoneos/EZSwiftExtensions/EZSwiftExtensions.framework"; sourceTree = "<group>"; };
		7A08C5771ECB170C00BDF002 /* ImagePicker.framework */ = {isa = PBXFileReference; lastKnownFileType = wrapper.framework; name = ImagePicker.framework; path = "Pods/../build/Release-iphoneos/ImagePicker/ImagePicker.framework"; sourceTree = "<group>"; };
		7A166B421EB8BF430089D4A2 /* Alamofire.framework */ = {isa = PBXFileReference; lastKnownFileType = wrapper.framework; name = Alamofire.framework; path = "DerivedData/retour/Build/Products/Debug-iphonesimulator/Alamofire/Alamofire.framework"; sourceTree = "<group>"; };
		7A166B431EB8BF430089D4A2 /* Bolts.framework */ = {isa = PBXFileReference; lastKnownFileType = wrapper.framework; name = Bolts.framework; path = "DerivedData/retour/Build/Products/Debug-iphonesimulator/Bolts/Bolts.framework"; sourceTree = "<group>"; };
		7A166B441EB8BF430089D4A2 /* CenteredCollectionView.framework */ = {isa = PBXFileReference; lastKnownFileType = wrapper.framework; name = CenteredCollectionView.framework; path = "DerivedData/retour/Build/Products/Debug-iphonesimulator/CenteredCollectionView/CenteredCollectionView.framework"; sourceTree = "<group>"; };
		7A166B481EB8BF4A0089D4A2 /* FBSDKCoreKit.framework */ = {isa = PBXFileReference; lastKnownFileType = wrapper.framework; name = FBSDKCoreKit.framework; path = "DerivedData/retour/Build/Products/Debug-iphonesimulator/FBSDKCoreKit/FBSDKCoreKit.framework"; sourceTree = "<group>"; };
		7A166B491EB8BF4A0089D4A2 /* FBSDKLoginKit.framework */ = {isa = PBXFileReference; lastKnownFileType = wrapper.framework; name = FBSDKLoginKit.framework; path = "DerivedData/retour/Build/Products/Debug-iphonesimulator/FBSDKLoginKit/FBSDKLoginKit.framework"; sourceTree = "<group>"; };
		7A166B4C1EB8BF510089D4A2 /* CircleMenu.framework */ = {isa = PBXFileReference; lastKnownFileType = wrapper.framework; name = CircleMenu.framework; path = "DerivedData/retour/Build/Products/Debug-iphonesimulator/CircleMenu/CircleMenu.framework"; sourceTree = "<group>"; };
		7A166B4D1EB8BF510089D4A2 /* IHKeyboardAvoiding.framework */ = {isa = PBXFileReference; lastKnownFileType = wrapper.framework; name = IHKeyboardAvoiding.framework; path = "DerivedData/retour/Build/Products/Debug-iphonesimulator/IHKeyboardAvoiding/IHKeyboardAvoiding.framework"; sourceTree = "<group>"; };
		7A166B4E1EB8BF510089D4A2 /* JVFloatLabeledTextField.framework */ = {isa = PBXFileReference; lastKnownFileType = wrapper.framework; name = JVFloatLabeledTextField.framework; path = "DerivedData/retour/Build/Products/Debug-iphonesimulator/JVFloatLabeledTextField/JVFloatLabeledTextField.framework"; sourceTree = "<group>"; };
		7A166B4F1EB8BF510089D4A2 /* MediumMenu.framework */ = {isa = PBXFileReference; lastKnownFileType = wrapper.framework; name = MediumMenu.framework; path = "DerivedData/retour/Build/Products/Debug-iphonesimulator/MediumMenu/MediumMenu.framework"; sourceTree = "<group>"; };
		7A166B501EB8BF510089D4A2 /* Parse.framework */ = {isa = PBXFileReference; lastKnownFileType = wrapper.framework; name = Parse.framework; path = "DerivedData/retour/Build/Products/Debug-iphonesimulator/Parse/Parse.framework"; sourceTree = "<group>"; };
		7A166B511EB8BF510089D4A2 /* ParseFacebookUtilsV4.framework */ = {isa = PBXFileReference; lastKnownFileType = wrapper.framework; name = ParseFacebookUtilsV4.framework; path = "DerivedData/retour/Build/Products/Debug-iphonesimulator/ParseFacebookUtilsV4/ParseFacebookUtilsV4.framework"; sourceTree = "<group>"; };
		7A166B521EB8BF510089D4A2 /* ReachabilitySwift.framework */ = {isa = PBXFileReference; lastKnownFileType = wrapper.framework; name = ReachabilitySwift.framework; path = "DerivedData/retour/Build/Products/Debug-iphonesimulator/ReachabilitySwift/ReachabilitySwift.framework"; sourceTree = "<group>"; };
		7A166B531EB8BF510089D4A2 /* SwiftyJSON.framework */ = {isa = PBXFileReference; lastKnownFileType = wrapper.framework; name = SwiftyJSON.framework; path = "DerivedData/retour/Build/Products/Debug-iphonesimulator/SwiftyJSON/SwiftyJSON.framework"; sourceTree = "<group>"; };
		7A166B5C1EB8BF910089D4A2 /* AVKit.framework */ = {isa = PBXFileReference; lastKnownFileType = wrapper.framework; name = AVKit.framework; path = System/Library/Frameworks/AVKit.framework; sourceTree = SDKROOT; };
		7A166B5D1EB8BF910089D4A2 /* CFNetwork.framework */ = {isa = PBXFileReference; lastKnownFileType = wrapper.framework; name = CFNetwork.framework; path = System/Library/Frameworks/CFNetwork.framework; sourceTree = SDKROOT; };
		7A166B5E1EB8BF910089D4A2 /* CoreData.framework */ = {isa = PBXFileReference; lastKnownFileType = wrapper.framework; name = CoreData.framework; path = System/Library/Frameworks/CoreData.framework; sourceTree = SDKROOT; };
		7A166B5F1EB8BF910089D4A2 /* CoreFoundation.framework */ = {isa = PBXFileReference; lastKnownFileType = wrapper.framework; name = CoreFoundation.framework; path = System/Library/Frameworks/CoreFoundation.framework; sourceTree = SDKROOT; };
		7A166B601EB8BF910089D4A2 /* CoreLocation.framework */ = {isa = PBXFileReference; lastKnownFileType = wrapper.framework; name = CoreLocation.framework; path = System/Library/Frameworks/CoreLocation.framework; sourceTree = SDKROOT; };
		7A166B611EB8BF910089D4A2 /* Foundation.framework */ = {isa = PBXFileReference; lastKnownFileType = wrapper.framework; name = Foundation.framework; path = System/Library/Frameworks/Foundation.framework; sourceTree = SDKROOT; };
		7A166B621EB8BF910089D4A2 /* MapKit.framework */ = {isa = PBXFileReference; lastKnownFileType = wrapper.framework; name = MapKit.framework; path = System/Library/Frameworks/MapKit.framework; sourceTree = SDKROOT; };
		7A166B631EB8BF910089D4A2 /* NetworkExtension.framework */ = {isa = PBXFileReference; lastKnownFileType = wrapper.framework; name = NetworkExtension.framework; path = System/Library/Frameworks/NetworkExtension.framework; sourceTree = SDKROOT; };
		7A166B641EB8BF910089D4A2 /* Photos.framework */ = {isa = PBXFileReference; lastKnownFileType = wrapper.framework; name = Photos.framework; path = System/Library/Frameworks/Photos.framework; sourceTree = SDKROOT; };
		7A166B651EB8BF910089D4A2 /* Security.framework */ = {isa = PBXFileReference; lastKnownFileType = wrapper.framework; name = Security.framework; path = System/Library/Frameworks/Security.framework; sourceTree = SDKROOT; };
		7A166B661EB8BF910089D4A2 /* Social.framework */ = {isa = PBXFileReference; lastKnownFileType = wrapper.framework; name = Social.framework; path = System/Library/Frameworks/Social.framework; sourceTree = SDKROOT; };
		7A166B671EB8BF910089D4A2 /* SystemConfiguration.framework */ = {isa = PBXFileReference; lastKnownFileType = wrapper.framework; name = SystemConfiguration.framework; path = System/Library/Frameworks/SystemConfiguration.framework; sourceTree = SDKROOT; };
		7A16978B1EB8FD25001CAA69 /* 1FZ_KrabiAreaBeach.jpg */ = {isa = PBXFileReference; lastKnownFileType = image.jpeg; path = 1FZ_KrabiAreaBeach.jpg; sourceTree = "<group>"; };
		7A1C89571ECB1CC300239EC3 /* ImagePicker.framework */ = {isa = PBXFileReference; lastKnownFileType = wrapper.framework; name = ImagePicker.framework; path = "DerivedData/retour/Build/Products/Debug-iphonesimulator/ImagePicker/ImagePicker.framework"; sourceTree = "<group>"; };
		7A205CBD1EC59A5C002101A7 /* FullPostController.swift */ = {isa = PBXFileReference; fileEncoding = 4; lastKnownFileType = sourcecode.swift; path = FullPostController.swift; sourceTree = "<group>"; };
		7A3434191ECB2955009512F2 /* NewPostImagesXib.xib */ = {isa = PBXFileReference; fileEncoding = 4; lastKnownFileType = file.xib; path = NewPostImagesXib.xib; sourceTree = "<group>"; };
		7A502BCF1EB8D1AA00309A34 /* Jelly.framework */ = {isa = PBXFileReference; lastKnownFileType = wrapper.framework; name = Jelly.framework; path = "DerivedData/retour/Build/Products/Debug-iphonesimulator/Jelly/Jelly.framework"; sourceTree = "<group>"; };
		7A9EBB251EB872E9005DEA7E /* retour.app */ = {isa = PBXFileReference; explicitFileType = wrapper.application; includeInIndex = 0; path = retour.app; sourceTree = BUILT_PRODUCTS_DIR; };
		7A9EBB281EB872E9005DEA7E /* AppDelegate.swift */ = {isa = PBXFileReference; lastKnownFileType = sourcecode.swift; path = AppDelegate.swift; sourceTree = "<group>"; };
		7A9EBB2A1EB872E9005DEA7E /* FirstViewController.swift */ = {isa = PBXFileReference; lastKnownFileType = sourcecode.swift; path = FirstViewController.swift; sourceTree = "<group>"; };
		7A9EBB2C1EB872E9005DEA7E /* SecondViewController.swift */ = {isa = PBXFileReference; lastKnownFileType = sourcecode.swift; path = SecondViewController.swift; sourceTree = "<group>"; };
		7A9EBB2F1EB872E9005DEA7E /* Base */ = {isa = PBXFileReference; lastKnownFileType = file.storyboard; name = Base; path = Base.lproj/Main.storyboard; sourceTree = "<group>"; };
		7A9EBB311EB872E9005DEA7E /* Assets.xcassets */ = {isa = PBXFileReference; lastKnownFileType = folder.assetcatalog; path = Assets.xcassets; sourceTree = "<group>"; };
		7A9EBB341EB872E9005DEA7E /* Base */ = {isa = PBXFileReference; lastKnownFileType = file.storyboard; name = Base; path = Base.lproj/LaunchScreen.storyboard; sourceTree = "<group>"; };
		7A9EBB361EB872E9005DEA7E /* Info.plist */ = {isa = PBXFileReference; lastKnownFileType = text.plist.xml; path = Info.plist; sourceTree = "<group>"; };
		7A9EBB3B1EB872E9005DEA7E /* retourTests.xctest */ = {isa = PBXFileReference; explicitFileType = wrapper.cfbundle; includeInIndex = 0; path = retourTests.xctest; sourceTree = BUILT_PRODUCTS_DIR; };
		7A9EBB3F1EB872E9005DEA7E /* retourTests.swift */ = {isa = PBXFileReference; lastKnownFileType = sourcecode.swift; path = retourTests.swift; sourceTree = "<group>"; };
		7A9EBB411EB872E9005DEA7E /* Info.plist */ = {isa = PBXFileReference; lastKnownFileType = text.plist.xml; path = Info.plist; sourceTree = "<group>"; };
		7A9EBB461EB872E9005DEA7E /* retourUITests.xctest */ = {isa = PBXFileReference; explicitFileType = wrapper.cfbundle; includeInIndex = 0; path = retourUITests.xctest; sourceTree = BUILT_PRODUCTS_DIR; };
		7A9EBB4A1EB872E9005DEA7E /* retourUITests.swift */ = {isa = PBXFileReference; lastKnownFileType = sourcecode.swift; path = retourUITests.swift; sourceTree = "<group>"; };
		7A9EBB4C1EB872E9005DEA7E /* Info.plist */ = {isa = PBXFileReference; lastKnownFileType = text.plist.xml; path = Info.plist; sourceTree = "<group>"; };
		7A9EBB581EB87495005DEA7E /* PrefsViewController.swift */ = {isa = PBXFileReference; fileEncoding = 4; lastKnownFileType = sourcecode.swift; path = PrefsViewController.swift; sourceTree = "<group>"; };
		7A9EBB5A1EB87621005DEA7E /* ListViewController.swift */ = {isa = PBXFileReference; fileEncoding = 4; lastKnownFileType = sourcecode.swift; path = ListViewController.swift; sourceTree = "<group>"; };
		7AA860DD1EC066C800B8B007 /* Presentr.framework */ = {isa = PBXFileReference; lastKnownFileType = wrapper.framework; name = Presentr.framework; path = "DerivedData/retour/Build/Products/Debug-iphonesimulator/Presentr/Presentr.framework"; sourceTree = "<group>"; };
		7AA860DF1EC06E6C00B8B007 /* NewPostController.swift */ = {isa = PBXFileReference; fileEncoding = 4; lastKnownFileType = sourcecode.swift; path = NewPostController.swift; sourceTree = "<group>"; };
		7AA860E11EC089E400B8B007 /* NewPostSelectPopUp.swift */ = {isa = PBXFileReference; fileEncoding = 4; lastKnownFileType = sourcecode.swift; path = NewPostSelectPopUp.swift; sourceTree = "<group>"; };
		7ABAC8CC1ECB4E9700A7317C /* NewPostImagesXib.swift */ = {isa = PBXFileReference; fileEncoding = 4; lastKnownFileType = sourcecode.swift; path = NewPostImagesXib.swift; sourceTree = "<group>"; };
		7AE054831ECC438500C9A638 /* Alert1ViewController.swift */ = {isa = PBXFileReference; fileEncoding = 4; lastKnownFileType = sourcecode.swift; path = Alert1ViewController.swift; sourceTree = "<group>"; };
		CF58F0DDC46C2FAA71770CB4 /* Pods-retour.debug.xcconfig */ = {isa = PBXFileReference; includeInIndex = 1; lastKnownFileType = text.xcconfig; name = "Pods-retour.debug.xcconfig"; path = "Pods/Target Support Files/Pods-retour/Pods-retour.debug.xcconfig"; sourceTree = "<group>"; };
		E69BDAC271A1512151694417 /* Pods_retour.framework */ = {isa = PBXFileReference; explicitFileType = wrapper.framework; includeInIndex = 0; path = Pods_retour.framework; sourceTree = BUILT_PRODUCTS_DIR; };
/* End PBXFileReference section */

/* Begin PBXFrameworksBuildPhase section */
		7A9EBB221EB872E9005DEA7E /* Frameworks */ = {
			isa = PBXFrameworksBuildPhase;
			buildActionMask = 2147483647;
			files = (
				7A06AB8D1ECC7F8000C8AF40 /* EZSwiftExtensions.framework in Frameworks */,
				7A1C89581ECB1CC300239EC3 /* ImagePicker.framework in Frameworks */,
				7AA860DE1EC066C800B8B007 /* Presentr.framework in Frameworks */,
				7A166B681EB8BF910089D4A2 /* AVKit.framework in Frameworks */,
				7A166B691EB8BF910089D4A2 /* CFNetwork.framework in Frameworks */,
				7A166B6A1EB8BF910089D4A2 /* CoreData.framework in Frameworks */,
				7A166B6B1EB8BF910089D4A2 /* CoreFoundation.framework in Frameworks */,
				7A166B6C1EB8BF910089D4A2 /* CoreLocation.framework in Frameworks */,
				7A166B6D1EB8BF910089D4A2 /* Foundation.framework in Frameworks */,
				7A166B6E1EB8BF910089D4A2 /* MapKit.framework in Frameworks */,
				7A166B6F1EB8BF910089D4A2 /* NetworkExtension.framework in Frameworks */,
				7A166B701EB8BF910089D4A2 /* Photos.framework in Frameworks */,
				7A166B711EB8BF910089D4A2 /* Security.framework in Frameworks */,
				7A166B721EB8BF910089D4A2 /* Social.framework in Frameworks */,
				7A166B731EB8BF910089D4A2 /* SystemConfiguration.framework in Frameworks */,
				7A166B541EB8BF510089D4A2 /* CircleMenu.framework in Frameworks */,
				7A166B551EB8BF510089D4A2 /* IHKeyboardAvoiding.framework in Frameworks */,
				7A166B561EB8BF510089D4A2 /* JVFloatLabeledTextField.framework in Frameworks */,
				7A166B571EB8BF510089D4A2 /* MediumMenu.framework in Frameworks */,
				7A166B581EB8BF510089D4A2 /* Parse.framework in Frameworks */,
				7A166B591EB8BF510089D4A2 /* ParseFacebookUtilsV4.framework in Frameworks */,
				7A166B5A1EB8BF510089D4A2 /* ReachabilitySwift.framework in Frameworks */,
				7A166B5B1EB8BF510089D4A2 /* SwiftyJSON.framework in Frameworks */,
				7A166B4A1EB8BF4A0089D4A2 /* FBSDKCoreKit.framework in Frameworks */,
				7A166B4B1EB8BF4A0089D4A2 /* FBSDKLoginKit.framework in Frameworks */,
				7A166B451EB8BF430089D4A2 /* Alamofire.framework in Frameworks */,
				7A166B461EB8BF430089D4A2 /* Bolts.framework in Frameworks */,
				7A166B471EB8BF430089D4A2 /* CenteredCollectionView.framework in Frameworks */,
				DC6AF6B1A15373B0A0C4E25E /* Pods_retour.framework in Frameworks */,
			);
			runOnlyForDeploymentPostprocessing = 0;
		};
		7A9EBB381EB872E9005DEA7E /* Frameworks */ = {
			isa = PBXFrameworksBuildPhase;
			buildActionMask = 2147483647;
			files = (
			);
			runOnlyForDeploymentPostprocessing = 0;
		};
		7A9EBB431EB872E9005DEA7E /* Frameworks */ = {
			isa = PBXFrameworksBuildPhase;
			buildActionMask = 2147483647;
			files = (
			);
			runOnlyForDeploymentPostprocessing = 0;
		};
/* End PBXFrameworksBuildPhase section */

/* Begin PBXGroup section */
		66BF3A2245B6E2EC058F383D /* Frameworks */ = {
			isa = PBXGroup;
			children = (
				7A06AB8C1ECC7F8000C8AF40 /* EZSwiftExtensions.framework */,
				7A1C89571ECB1CC300239EC3 /* ImagePicker.framework */,
				7A08C5771ECB170C00BDF002 /* ImagePicker.framework */,
				7AA860DD1EC066C800B8B007 /* Presentr.framework */,
				7A502BCF1EB8D1AA00309A34 /* Jelly.framework */,
				7A166B5C1EB8BF910089D4A2 /* AVKit.framework */,
				7A166B5D1EB8BF910089D4A2 /* CFNetwork.framework */,
				7A166B5E1EB8BF910089D4A2 /* CoreData.framework */,
				7A166B5F1EB8BF910089D4A2 /* CoreFoundation.framework */,
				7A166B601EB8BF910089D4A2 /* CoreLocation.framework */,
				7A166B611EB8BF910089D4A2 /* Foundation.framework */,
				7A166B621EB8BF910089D4A2 /* MapKit.framework */,
				7A166B631EB8BF910089D4A2 /* NetworkExtension.framework */,
				7A166B641EB8BF910089D4A2 /* Photos.framework */,
				7A166B651EB8BF910089D4A2 /* Security.framework */,
				7A166B661EB8BF910089D4A2 /* Social.framework */,
				7A166B671EB8BF910089D4A2 /* SystemConfiguration.framework */,
				7A166B4C1EB8BF510089D4A2 /* CircleMenu.framework */,
				7A166B4D1EB8BF510089D4A2 /* IHKeyboardAvoiding.framework */,
				7A166B4E1EB8BF510089D4A2 /* JVFloatLabeledTextField.framework */,
				7A166B4F1EB8BF510089D4A2 /* MediumMenu.framework */,
				7A166B501EB8BF510089D4A2 /* Parse.framework */,
				7A166B511EB8BF510089D4A2 /* ParseFacebookUtilsV4.framework */,
				7A166B521EB8BF510089D4A2 /* ReachabilitySwift.framework */,
				7A166B531EB8BF510089D4A2 /* SwiftyJSON.framework */,
				7A166B481EB8BF4A0089D4A2 /* FBSDKCoreKit.framework */,
				7A166B491EB8BF4A0089D4A2 /* FBSDKLoginKit.framework */,
				7A166B421EB8BF430089D4A2 /* Alamofire.framework */,
				7A166B431EB8BF430089D4A2 /* Bolts.framework */,
				7A166B441EB8BF430089D4A2 /* CenteredCollectionView.framework */,
				E69BDAC271A1512151694417 /* Pods_retour.framework */,
			);
			name = Frameworks;
			sourceTree = "<group>";
		};
		7A3434181ECB2937009512F2 /* views */ = {
			isa = PBXGroup;
			children = (
				7A3434191ECB2955009512F2 /* NewPostImagesXib.xib */,
				7ABAC8CC1ECB4E9700A7317C /* NewPostImagesXib.swift */,
			);
			name = views;
			sourceTree = "<group>";
		};
		7A9EBB1C1EB872E9005DEA7E = {
			isa = PBXGroup;
			children = (
				7A9EBB271EB872E9005DEA7E /* retour */,
				7A9EBB3E1EB872E9005DEA7E /* retourTests */,
				7A9EBB491EB872E9005DEA7E /* retourUITests */,
				7A9EBB261EB872E9005DEA7E /* Products */,
				FC21E5C977FFB30EFD47B23A /* Pods */,
				66BF3A2245B6E2EC058F383D /* Frameworks */,
			);
			sourceTree = "<group>";
		};
		7A9EBB261EB872E9005DEA7E /* Products */ = {
			isa = PBXGroup;
			children = (
				7A9EBB251EB872E9005DEA7E /* retour.app */,
				7A9EBB3B1EB872E9005DEA7E /* retourTests.xctest */,
				7A9EBB461EB872E9005DEA7E /* retourUITests.xctest */,
			);
			name = Products;
			sourceTree = "<group>";
		};
		7A9EBB271EB872E9005DEA7E /* retour */ = {
			isa = PBXGroup;
			children = (
				7A3434181ECB2937009512F2 /* views */,
				7A16978B1EB8FD25001CAA69 /* 1FZ_KrabiAreaBeach.jpg */,
				7A9EBB281EB872E9005DEA7E /* AppDelegate.swift */,
				7A9EBB2A1EB872E9005DEA7E /* FirstViewController.swift */,
				7A9EBB2C1EB872E9005DEA7E /* SecondViewController.swift */,
				7A9EBB2E1EB872E9005DEA7E /* Main.storyboard */,
				7AE054831ECC438500C9A638 /* Alert1ViewController.swift */,
				7AA860E11EC089E400B8B007 /* NewPostSelectPopUp.swift */,
				7AA860DF1EC06E6C00B8B007 /* NewPostController.swift */,
				7A067ABC1EB8B85A00DFBE56 /* RegisterLoginViewController.swift */,
				7A9EBB5A1EB87621005DEA7E /* ListViewController.swift */,
				7A9EBB581EB87495005DEA7E /* PrefsViewController.swift */,
				7A9EBB311EB872E9005DEA7E /* Assets.xcassets */,
				7A9EBB331EB872E9005DEA7E /* LaunchScreen.storyboard */,
				7A9EBB361EB872E9005DEA7E /* Info.plist */,
				7A205CBD1EC59A5C002101A7 /* FullPostController.swift */,
			);
			path = retour;
			sourceTree = "<group>";
		};
		7A9EBB3E1EB872E9005DEA7E /* retourTests */ = {
			isa = PBXGroup;
			children = (
				7A9EBB3F1EB872E9005DEA7E /* retourTests.swift */,
				7A9EBB411EB872E9005DEA7E /* Info.plist */,
			);
			path = retourTests;
			sourceTree = "<group>";
		};
		7A9EBB491EB872E9005DEA7E /* retourUITests */ = {
			isa = PBXGroup;
			children = (
				7A9EBB4A1EB872E9005DEA7E /* retourUITests.swift */,
				7A9EBB4C1EB872E9005DEA7E /* Info.plist */,
			);
			path = retourUITests;
			sourceTree = "<group>";
		};
		FC21E5C977FFB30EFD47B23A /* Pods */ = {
			isa = PBXGroup;
			children = (
				CF58F0DDC46C2FAA71770CB4 /* Pods-retour.debug.xcconfig */,
				50C304C066274F27838FE911 /* Pods-retour.release.xcconfig */,
			);
			name = Pods;
			sourceTree = "<group>";
		};
/* End PBXGroup section */

/* Begin PBXNativeTarget section */
		7A9EBB241EB872E9005DEA7E /* retour */ = {
			isa = PBXNativeTarget;
			buildConfigurationList = 7A9EBB4F1EB872E9005DEA7E /* Build configuration list for PBXNativeTarget "retour" */;
			buildPhases = (
				F95675A5F1DE54C49BCE09E0 /* [CP] Check Pods Manifest.lock */,
				7A9EBB211EB872E9005DEA7E /* Sources */,
				7A9EBB221EB872E9005DEA7E /* Frameworks */,
				7A9EBB231EB872E9005DEA7E /* Resources */,
				85C151F9847FFD4D119FC517 /* [CP] Embed Pods Frameworks */,
				1A16677CE958D19ED4585A68 /* [CP] Copy Pods Resources */,
			);
			buildRules = (
			);
			dependencies = (
			);
			name = retour;
			productName = retour;
			productReference = 7A9EBB251EB872E9005DEA7E /* retour.app */;
			productType = "com.apple.product-type.application";
		};
		7A9EBB3A1EB872E9005DEA7E /* retourTests */ = {
			isa = PBXNativeTarget;
			buildConfigurationList = 7A9EBB521EB872E9005DEA7E /* Build configuration list for PBXNativeTarget "retourTests" */;
			buildPhases = (
				7A9EBB371EB872E9005DEA7E /* Sources */,
				7A9EBB381EB872E9005DEA7E /* Frameworks */,
				7A9EBB391EB872E9005DEA7E /* Resources */,
			);
			buildRules = (
			);
			dependencies = (
				7A9EBB3D1EB872E9005DEA7E /* PBXTargetDependency */,
			);
			name = retourTests;
			productName = retourTests;
			productReference = 7A9EBB3B1EB872E9005DEA7E /* retourTests.xctest */;
			productType = "com.apple.product-type.bundle.unit-test";
		};
		7A9EBB451EB872E9005DEA7E /* retourUITests */ = {
			isa = PBXNativeTarget;
			buildConfigurationList = 7A9EBB551EB872E9005DEA7E /* Build configuration list for PBXNativeTarget "retourUITests" */;
			buildPhases = (
				7A9EBB421EB872E9005DEA7E /* Sources */,
				7A9EBB431EB872E9005DEA7E /* Frameworks */,
				7A9EBB441EB872E9005DEA7E /* Resources */,
			);
			buildRules = (
			);
			dependencies = (
				7A9EBB481EB872E9005DEA7E /* PBXTargetDependency */,
			);
			name = retourUITests;
			productName = retourUITests;
			productReference = 7A9EBB461EB872E9005DEA7E /* retourUITests.xctest */;
			productType = "com.apple.product-type.bundle.ui-testing";
		};
/* End PBXNativeTarget section */

/* Begin PBXProject section */
		7A9EBB1D1EB872E9005DEA7E /* Project object */ = {
			isa = PBXProject;
			attributes = {
				LastSwiftUpdateCheck = 0830;
				LastUpgradeCheck = 0830;
				ORGANIZATIONNAME = toucan;
				TargetAttributes = {
					7A9EBB241EB872E9005DEA7E = {
						CreatedOnToolsVersion = 8.3.2;
						DevelopmentTeam = 8VMCQFBN8D;
						ProvisioningStyle = Automatic;
					};
					7A9EBB3A1EB872E9005DEA7E = {
						CreatedOnToolsVersion = 8.3.2;
						DevelopmentTeam = 8VMCQFBN8D;
						ProvisioningStyle = Automatic;
						TestTargetID = 7A9EBB241EB872E9005DEA7E;
					};
					7A9EBB451EB872E9005DEA7E = {
						CreatedOnToolsVersion = 8.3.2;
						DevelopmentTeam = 8VMCQFBN8D;
						ProvisioningStyle = Automatic;
						TestTargetID = 7A9EBB241EB872E9005DEA7E;
					};
				};
			};
			buildConfigurationList = 7A9EBB201EB872E9005DEA7E /* Build configuration list for PBXProject "retour" */;
			compatibilityVersion = "Xcode 3.2";
			developmentRegion = English;
			hasScannedForEncodings = 0;
			knownRegions = (
				en,
				Base,
			);
			mainGroup = 7A9EBB1C1EB872E9005DEA7E;
			productRefGroup = 7A9EBB261EB872E9005DEA7E /* Products */;
			projectDirPath = "";
			projectRoot = "";
			targets = (
				7A9EBB241EB872E9005DEA7E /* retour */,
				7A9EBB3A1EB872E9005DEA7E /* retourTests */,
				7A9EBB451EB872E9005DEA7E /* retourUITests */,
			);
		};
/* End PBXProject section */

/* Begin PBXResourcesBuildPhase section */
		7A9EBB231EB872E9005DEA7E /* Resources */ = {
			isa = PBXResourcesBuildPhase;
			buildActionMask = 2147483647;
			files = (
				7A34341A1ECB2955009512F2 /* NewPostImagesXib.xib in Resources */,
				7A9EBB351EB872E9005DEA7E /* LaunchScreen.storyboard in Resources */,
				7A9EBB321EB872E9005DEA7E /* Assets.xcassets in Resources */,
				7A16978C1EB8FD25001CAA69 /* 1FZ_KrabiAreaBeach.jpg in Resources */,
				7A9EBB301EB872E9005DEA7E /* Main.storyboard in Resources */,
			);
			runOnlyForDeploymentPostprocessing = 0;
		};
		7A9EBB391EB872E9005DEA7E /* Resources */ = {
			isa = PBXResourcesBuildPhase;
			buildActionMask = 2147483647;
			files = (
			);
			runOnlyForDeploymentPostprocessing = 0;
		};
		7A9EBB441EB872E9005DEA7E /* Resources */ = {
			isa = PBXResourcesBuildPhase;
			buildActionMask = 2147483647;
			files = (
			);
			runOnlyForDeploymentPostprocessing = 0;
		};
/* End PBXResourcesBuildPhase section */

/* Begin PBXShellScriptBuildPhase section */
		1A16677CE958D19ED4585A68 /* [CP] Copy Pods Resources */ = {
			isa = PBXShellScriptBuildPhase;
			buildActionMask = 2147483647;
			files = (
			);
			inputPaths = (
			);
			name = "[CP] Copy Pods Resources";
			outputPaths = (
			);
			runOnlyForDeploymentPostprocessing = 0;
			shellPath = /bin/sh;
			shellScript = "\"${SRCROOT}/Pods/Target Support Files/Pods-retour/Pods-retour-resources.sh\"\n";
			showEnvVarsInLog = 0;
		};
		85C151F9847FFD4D119FC517 /* [CP] Embed Pods Frameworks */ = {
			isa = PBXShellScriptBuildPhase;
			buildActionMask = 2147483647;
			files = (
			);
			inputPaths = (
			);
			name = "[CP] Embed Pods Frameworks";
			outputPaths = (
			);
			runOnlyForDeploymentPostprocessing = 0;
			shellPath = /bin/sh;
			shellScript = "\"${SRCROOT}/Pods/Target Support Files/Pods-retour/Pods-retour-frameworks.sh\"\n";
			showEnvVarsInLog = 0;
		};
		F95675A5F1DE54C49BCE09E0 /* [CP] Check Pods Manifest.lock */ = {
			isa = PBXShellScriptBuildPhase;
			buildActionMask = 2147483647;
			files = (
			);
			inputPaths = (
			);
			name = "[CP] Check Pods Manifest.lock";
			outputPaths = (
			);
			runOnlyForDeploymentPostprocessing = 0;
			shellPath = /bin/sh;
			shellScript = "diff \"${PODS_PODFILE_DIR_PATH}/Podfile.lock\" \"${PODS_ROOT}/Manifest.lock\" > /dev/null\nif [ $? != 0 ] ; then\n    # print error to STDERR\n    echo \"error: The sandbox is not in sync with the Podfile.lock. Run 'pod install' or update your CocoaPods installation.\" >&2\n    exit 1\nfi\n";
			showEnvVarsInLog = 0;
		};
/* End PBXShellScriptBuildPhase section */

/* Begin PBXSourcesBuildPhase section */
		7A9EBB211EB872E9005DEA7E /* Sources */ = {
			isa = PBXSourcesBuildPhase;
			buildActionMask = 2147483647;
			files = (
				7A9EBB2D1EB872E9005DEA7E /* SecondViewController.swift in Sources */,
				7A205CBE1EC59A5C002101A7 /* FullPostController.swift in Sources */,
				7ABAC8CD1ECB4E9700A7317C /* NewPostImagesXib.swift in Sources */,
				7A067ABD1EB8B85A00DFBE56 /* RegisterLoginViewController.swift in Sources */,
				7A9EBB291EB872E9005DEA7E /* AppDelegate.swift in Sources */,
				7A9EBB2B1EB872E9005DEA7E /* FirstViewController.swift in Sources */,
				7A9EBB5B1EB87621005DEA7E /* ListViewController.swift in Sources */,
				7AA860E01EC06E6C00B8B007 /* NewPostController.swift in Sources */,
				7A9EBB591EB87495005DEA7E /* PrefsViewController.swift in Sources */,
				7AA860E21EC089E400B8B007 /* NewPostSelectPopUp.swift in Sources */,
				7AE054841ECC438500C9A638 /* Alert1ViewController.swift in Sources */,
			);
			runOnlyForDeploymentPostprocessing = 0;
		};
		7A9EBB371EB872E9005DEA7E /* Sources */ = {
			isa = PBXSourcesBuildPhase;
			buildActionMask = 2147483647;
			files = (
				7A9EBB401EB872E9005DEA7E /* retourTests.swift in Sources */,
			);
			runOnlyForDeploymentPostprocessing = 0;
		};
		7A9EBB421EB872E9005DEA7E /* Sources */ = {
			isa = PBXSourcesBuildPhase;
			buildActionMask = 2147483647;
			files = (
				7A9EBB4B1EB872E9005DEA7E /* retourUITests.swift in Sources */,
			);
			runOnlyForDeploymentPostprocessing = 0;
		};
/* End PBXSourcesBuildPhase section */

/* Begin PBXTargetDependency section */
		7A9EBB3D1EB872E9005DEA7E /* PBXTargetDependency */ = {
			isa = PBXTargetDependency;
			target = 7A9EBB241EB872E9005DEA7E /* retour */;
			targetProxy = 7A9EBB3C1EB872E9005DEA7E /* PBXContainerItemProxy */;
		};
		7A9EBB481EB872E9005DEA7E /* PBXTargetDependency */ = {
			isa = PBXTargetDependency;
			target = 7A9EBB241EB872E9005DEA7E /* retour */;
			targetProxy = 7A9EBB471EB872E9005DEA7E /* PBXContainerItemProxy */;
		};
/* End PBXTargetDependency section */

/* Begin PBXVariantGroup section */
		7A9EBB2E1EB872E9005DEA7E /* Main.storyboard */ = {
			isa = PBXVariantGroup;
			children = (
				7A9EBB2F1EB872E9005DEA7E /* Base */,
			);
			name = Main.storyboard;
			sourceTree = "<group>";
		};
		7A9EBB331EB872E9005DEA7E /* LaunchScreen.storyboard */ = {
			isa = PBXVariantGroup;
			children = (
				7A9EBB341EB872E9005DEA7E /* Base */,
			);
			name = LaunchScreen.storyboard;
			sourceTree = "<group>";
		};
/* End PBXVariantGroup section */

/* Begin XCBuildConfiguration section */
		7A9EBB4D1EB872E9005DEA7E /* Debug */ = {
			isa = XCBuildConfiguration;
			buildSettings = {
				ALWAYS_SEARCH_USER_PATHS = NO;
				CLANG_ANALYZER_NONNULL = YES;
				CLANG_ANALYZER_NUMBER_OBJECT_CONVERSION = YES_AGGRESSIVE;
				CLANG_CXX_LANGUAGE_STANDARD = "gnu++0x";
				CLANG_CXX_LIBRARY = "libc++";
				CLANG_ENABLE_MODULES = YES;
				CLANG_ENABLE_OBJC_ARC = YES;
				CLANG_WARN_BOOL_CONVERSION = YES;
				CLANG_WARN_CONSTANT_CONVERSION = YES;
				CLANG_WARN_DIRECT_OBJC_ISA_USAGE = YES_ERROR;
				CLANG_WARN_DOCUMENTATION_COMMENTS = YES;
				CLANG_WARN_EMPTY_BODY = YES;
				CLANG_WARN_ENUM_CONVERSION = YES;
				CLANG_WARN_INFINITE_RECURSION = YES;
				CLANG_WARN_INT_CONVERSION = YES;
				CLANG_WARN_OBJC_ROOT_CLASS = YES_ERROR;
				CLANG_WARN_SUSPICIOUS_MOVE = YES;
				CLANG_WARN_UNREACHABLE_CODE = YES;
				CLANG_WARN__DUPLICATE_METHOD_MATCH = YES;
				"CODE_SIGN_IDENTITY[sdk=iphoneos*]" = "iPhone Developer";
				COPY_PHASE_STRIP = NO;
				DEBUG_INFORMATION_FORMAT = dwarf;
				ENABLE_STRICT_OBJC_MSGSEND = YES;
				ENABLE_TESTABILITY = YES;
				GCC_C_LANGUAGE_STANDARD = gnu99;
				GCC_DYNAMIC_NO_PIC = NO;
				GCC_NO_COMMON_BLOCKS = YES;
				GCC_OPTIMIZATION_LEVEL = 0;
				GCC_PREPROCESSOR_DEFINITIONS = (
					"DEBUG=1",
					"$(inherited)",
				);
				GCC_WARN_64_TO_32_BIT_CONVERSION = YES;
				GCC_WARN_ABOUT_RETURN_TYPE = YES_ERROR;
				GCC_WARN_UNDECLARED_SELECTOR = YES;
				GCC_WARN_UNINITIALIZED_AUTOS = YES_AGGRESSIVE;
				GCC_WARN_UNUSED_FUNCTION = YES;
				GCC_WARN_UNUSED_VARIABLE = YES;
				IPHONEOS_DEPLOYMENT_TARGET = 10.3;
				MTL_ENABLE_DEBUG_INFO = YES;
				ONLY_ACTIVE_ARCH = YES;
				SDKROOT = iphoneos;
				SWIFT_ACTIVE_COMPILATION_CONDITIONS = DEBUG;
				SWIFT_OPTIMIZATION_LEVEL = "-Onone";
			};
			name = Debug;
		};
		7A9EBB4E1EB872E9005DEA7E /* Release */ = {
			isa = XCBuildConfiguration;
			buildSettings = {
				ALWAYS_SEARCH_USER_PATHS = NO;
				CLANG_ANALYZER_NONNULL = YES;
				CLANG_ANALYZER_NUMBER_OBJECT_CONVERSION = YES_AGGRESSIVE;
				CLANG_CXX_LANGUAGE_STANDARD = "gnu++0x";
				CLANG_CXX_LIBRARY = "libc++";
				CLANG_ENABLE_MODULES = YES;
				CLANG_ENABLE_OBJC_ARC = YES;
				CLANG_WARN_BOOL_CONVERSION = YES;
				CLANG_WARN_CONSTANT_CONVERSION = YES;
				CLANG_WARN_DIRECT_OBJC_ISA_USAGE = YES_ERROR;
				CLANG_WARN_DOCUMENTATION_COMMENTS = YES;
				CLANG_WARN_EMPTY_BODY = YES;
				CLANG_WARN_ENUM_CONVERSION = YES;
				CLANG_WARN_INFINITE_RECURSION = YES;
				CLANG_WARN_INT_CONVERSION = YES;
				CLANG_WARN_OBJC_ROOT_CLASS = YES_ERROR;
				CLANG_WARN_SUSPICIOUS_MOVE = YES;
				CLANG_WARN_UNREACHABLE_CODE = YES;
				CLANG_WARN__DUPLICATE_METHOD_MATCH = YES;
				"CODE_SIGN_IDENTITY[sdk=iphoneos*]" = "iPhone Developer";
				COPY_PHASE_STRIP = NO;
				DEBUG_INFORMATION_FORMAT = "dwarf-with-dsym";
				ENABLE_NS_ASSERTIONS = NO;
				ENABLE_STRICT_OBJC_MSGSEND = YES;
				GCC_C_LANGUAGE_STANDARD = gnu99;
				GCC_NO_COMMON_BLOCKS = YES;
				GCC_WARN_64_TO_32_BIT_CONVERSION = YES;
				GCC_WARN_ABOUT_RETURN_TYPE = YES_ERROR;
				GCC_WARN_UNDECLARED_SELECTOR = YES;
				GCC_WARN_UNINITIALIZED_AUTOS = YES_AGGRESSIVE;
				GCC_WARN_UNUSED_FUNCTION = YES;
				GCC_WARN_UNUSED_VARIABLE = YES;
				IPHONEOS_DEPLOYMENT_TARGET = 10.3;
				MTL_ENABLE_DEBUG_INFO = NO;
				SDKROOT = iphoneos;
				SWIFT_OPTIMIZATION_LEVEL = "-Owholemodule";
				VALIDATE_PRODUCT = YES;
			};
			name = Release;
		};
		7A9EBB501EB872E9005DEA7E /* Debug */ = {
			isa = XCBuildConfiguration;
			baseConfigurationReference = CF58F0DDC46C2FAA71770CB4 /* Pods-retour.debug.xcconfig */;
			buildSettings = {
				ASSETCATALOG_COMPILER_APPICON_NAME = AppIcon;
				DEVELOPMENT_TEAM = 8VMCQFBN8D;
				FRAMEWORK_SEARCH_PATHS = (
					"$(inherited)",
					"$(PROJECT_DIR)/DerivedData/retour/Build/Products/Debug-iphonesimulator/Alamofire",
					"$(PROJECT_DIR)/DerivedData/retour/Build/Products/Debug-iphonesimulator/Bolts",
					"$(PROJECT_DIR)/DerivedData/retour/Build/Products/Debug-iphonesimulator/CenteredCollectionView",
					"$(PROJECT_DIR)/DerivedData/retour/Build/Products/Debug-iphonesimulator/FBSDKCoreKit",
					"$(PROJECT_DIR)/DerivedData/retour/Build/Products/Debug-iphonesimulator/FBSDKLoginKit",
					"$(PROJECT_DIR)/DerivedData/retour/Build/Products/Debug-iphonesimulator/CircleMenu",
					"$(PROJECT_DIR)/DerivedData/retour/Build/Products/Debug-iphonesimulator/IHKeyboardAvoiding",
					"$(PROJECT_DIR)/DerivedData/retour/Build/Products/Debug-iphonesimulator/JVFloatLabeledTextField",
					"$(PROJECT_DIR)/DerivedData/retour/Build/Products/Debug-iphonesimulator/MediumMenu",
					"$(PROJECT_DIR)/DerivedData/retour/Build/Products/Debug-iphonesimulator/Parse",
					"$(PROJECT_DIR)/DerivedData/retour/Build/Products/Debug-iphonesimulator/ParseFacebookUtilsV4",
					"$(PROJECT_DIR)/DerivedData/retour/Build/Products/Debug-iphonesimulator/ReachabilitySwift",
					"$(PROJECT_DIR)/DerivedData/retour/Build/Products/Debug-iphonesimulator/SwiftyJSON",
					"$(PROJECT_DIR)/DerivedData/retour/Build/Products/Debug-iphonesimulator/Jelly",
					"$(PROJECT_DIR)/DerivedData/retour/Build/Products/Debug-iphonesimulator/Presentr",
					"$(PROJECT_DIR)/build/Release-iphoneos/ImagePicker",
					"$(PROJECT_DIR)/DerivedData/retour/Build/Products/Debug-iphonesimulator/ImagePicker",
					"$(PROJECT_DIR)/build/Debug-iphoneos/EZSwiftExtensions",
				);
				INFOPLIST_FILE = retour/Info.plist;
				LD_RUNPATH_SEARCH_PATHS = "$(inherited) @executable_path/Frameworks";
				PRODUCT_BUNDLE_IDENTIFIER = net.toucan.retour;
				PRODUCT_NAME = "$(TARGET_NAME)";
				SWIFT_VERSION = 3.0;
			};
			name = Debug;
		};
		7A9EBB511EB872E9005DEA7E /* Release */ = {
			isa = XCBuildConfiguration;
			baseConfigurationReference = 50C304C066274F27838FE911 /* Pods-retour.release.xcconfig */;
			buildSettings = {
				ASSETCATALOG_COMPILER_APPICON_NAME = AppIcon;
				DEVELOPMENT_TEAM = 8VMCQFBN8D;
				FRAMEWORK_SEARCH_PATHS = (
					"$(inherited)",
					"$(PROJECT_DIR)/DerivedData/retour/Build/Products/Debug-iphonesimulator/Alamofire",
					"$(PROJECT_DIR)/DerivedData/retour/Build/Products/Debug-iphonesimulator/Bolts",
					"$(PROJECT_DIR)/DerivedData/retour/Build/Products/Debug-iphonesimulator/CenteredCollectionView",
					"$(PROJECT_DIR)/DerivedData/retour/Build/Products/Debug-iphonesimulator/FBSDKCoreKit",
					"$(PROJECT_DIR)/DerivedData/retour/Build/Products/Debug-iphonesimulator/FBSDKLoginKit",
					"$(PROJECT_DIR)/DerivedData/retour/Build/Products/Debug-iphonesimulator/CircleMenu",
					"$(PROJECT_DIR)/DerivedData/retour/Build/Products/Debug-iphonesimulator/IHKeyboardAvoiding",
					"$(PROJECT_DIR)/DerivedData/retour/Build/Products/Debug-iphonesimulator/JVFloatLabeledTextField",
					"$(PROJECT_DIR)/DerivedData/retour/Build/Products/Debug-iphonesimulator/MediumMenu",
					"$(PROJECT_DIR)/DerivedData/retour/Build/Products/Debug-iphonesimulator/Parse",
					"$(PROJECT_DIR)/DerivedData/retour/Build/Products/Debug-iphonesimulator/ParseFacebookUtilsV4",
					"$(PROJECT_DIR)/DerivedData/retour/Build/Products/Debug-iphonesimulator/ReachabilitySwift",
					"$(PROJECT_DIR)/DerivedData/retour/Build/Products/Debug-iphonesimulator/SwiftyJSON",
					"$(PROJECT_DIR)/DerivedData/retour/Build/Products/Debug-iphonesimulator/Jelly",
					"$(PROJECT_DIR)/DerivedData/retour/Build/Products/Debug-iphonesimulator/Presentr",
					"$(PROJECT_DIR)/build/Release-iphoneos/ImagePicker",
					"$(PROJECT_DIR)/DerivedData/retour/Build/Products/Debug-iphonesimulator/ImagePicker",
					"$(PROJECT_DIR)/build/Debug-iphoneos/EZSwiftExtensions",
				);
				INFOPLIST_FILE = retour/Info.plist;
				LD_RUNPATH_SEARCH_PATHS = "$(inherited) @executable_path/Frameworks";
				PRODUCT_BUNDLE_IDENTIFIER = net.toucan.retour;
				PRODUCT_NAME = "$(TARGET_NAME)";
				SWIFT_VERSION = 3.0;
			};
			name = Release;
		};
		7A9EBB531EB872E9005DEA7E /* Debug */ = {
			isa = XCBuildConfiguration;
			buildSettings = {
				ALWAYS_EMBED_SWIFT_STANDARD_LIBRARIES = YES;
				BUNDLE_LOADER = "$(TEST_HOST)";
				DEVELOPMENT_TEAM = 8VMCQFBN8D;
				INFOPLIST_FILE = retourTests/Info.plist;
				LD_RUNPATH_SEARCH_PATHS = "$(inherited) @executable_path/Frameworks @loader_path/Frameworks";
				PRODUCT_BUNDLE_IDENTIFIER = net.toucan.retourTests;
				PRODUCT_NAME = "$(TARGET_NAME)";
				SWIFT_VERSION = 3.0;
				TEST_HOST = "$(BUILT_PRODUCTS_DIR)/retour.app/retour";
			};
			name = Debug;
		};
		7A9EBB541EB872E9005DEA7E /* Release */ = {
			isa = XCBuildConfiguration;
			buildSettings = {
				ALWAYS_EMBED_SWIFT_STANDARD_LIBRARIES = YES;
				BUNDLE_LOADER = "$(TEST_HOST)";
				DEVELOPMENT_TEAM = 8VMCQFBN8D;
				INFOPLIST_FILE = retourTests/Info.plist;
				LD_RUNPATH_SEARCH_PATHS = "$(inherited) @executable_path/Frameworks @loader_path/Frameworks";
				PRODUCT_BUNDLE_IDENTIFIER = net.toucan.retourTests;
				PRODUCT_NAME = "$(TARGET_NAME)";
				SWIFT_VERSION = 3.0;
				TEST_HOST = "$(BUILT_PRODUCTS_DIR)/retour.app/retour";
			};
			name = Release;
		};
		7A9EBB561EB872E9005DEA7E /* Debug */ = {
			isa = XCBuildConfiguration;
			buildSettings = {
				ALWAYS_EMBED_SWIFT_STANDARD_LIBRARIES = YES;
				DEVELOPMENT_TEAM = 8VMCQFBN8D;
				INFOPLIST_FILE = retourUITests/Info.plist;
				LD_RUNPATH_SEARCH_PATHS = "$(inherited) @executable_path/Frameworks @loader_path/Frameworks";
				PRODUCT_BUNDLE_IDENTIFIER = net.toucan.retourUITests;
				PRODUCT_NAME = "$(TARGET_NAME)";
				SWIFT_VERSION = 3.0;
				TEST_TARGET_NAME = retour;
			};
			name = Debug;
		};
		7A9EBB571EB872E9005DEA7E /* Release */ = {
			isa = XCBuildConfiguration;
			buildSettings = {
				ALWAYS_EMBED_SWIFT_STANDARD_LIBRARIES = YES;
				DEVELOPMENT_TEAM = 8VMCQFBN8D;
				INFOPLIST_FILE = retourUITests/Info.plist;
				LD_RUNPATH_SEARCH_PATHS = "$(inherited) @executable_path/Frameworks @loader_path/Frameworks";
				PRODUCT_BUNDLE_IDENTIFIER = net.toucan.retourUITests;
				PRODUCT_NAME = "$(TARGET_NAME)";
				SWIFT_VERSION = 3.0;
				TEST_TARGET_NAME = retour;
			};
			name = Release;
		};
/* End XCBuildConfiguration section */

/* Begin XCConfigurationList section */
		7A9EBB201EB872E9005DEA7E /* Build configuration list for PBXProject "retour" */ = {
			isa = XCConfigurationList;
			buildConfigurations = (
				7A9EBB4D1EB872E9005DEA7E /* Debug */,
				7A9EBB4E1EB872E9005DEA7E /* Release */,
			);
			defaultConfigurationIsVisible = 0;
			defaultConfigurationName = Release;
		};
		7A9EBB4F1EB872E9005DEA7E /* Build configuration list for PBXNativeTarget "retour" */ = {
			isa = XCConfigurationList;
			buildConfigurations = (
				7A9EBB501EB872E9005DEA7E /* Debug */,
				7A9EBB511EB872E9005DEA7E /* Release */,
			);
			defaultConfigurationIsVisible = 0;
			defaultConfigurationName = Release;
		};
		7A9EBB521EB872E9005DEA7E /* Build configuration list for PBXNativeTarget "retourTests" */ = {
			isa = XCConfigurationList;
			buildConfigurations = (
				7A9EBB531EB872E9005DEA7E /* Debug */,
				7A9EBB541EB872E9005DEA7E /* Release */,
			);
			defaultConfigurationIsVisible = 0;
			defaultConfigurationName = Release;
		};
		7A9EBB551EB872E9005DEA7E /* Build configuration list for PBXNativeTarget "retourUITests" */ = {
			isa = XCConfigurationList;
			buildConfigurations = (
				7A9EBB561EB872E9005DEA7E /* Debug */,
				7A9EBB571EB872E9005DEA7E /* Release */,
			);
			defaultConfigurationIsVisible = 0;
			defaultConfigurationName = Release;
		};
/* End XCConfigurationList section */
	};
	rootObject = 7A9EBB1D1EB872E9005DEA7E /* Project object */;
}
